
Microsoft Visual Studio Solution File, Format Version 12.00
# Visual Studio Version 17
VisualStudioVersion = 17.4.33403.182
MinimumVisualStudioVersion = 10.0.40219.1
Project("{FAE04EC0-301F-11D3-BF4B-00C04F79EFBC}") = "ChatApp.Server", "ChatApp\Server\ChatApp.Server.csproj", "{48C621F1-3D8C-4441-BE87-5C83889DC104}"
EndProject
Project("{FAE04EC0-301F-11D3-BF4B-00C04F79EFBC}") = "ChatApp.Client", "ChatApp\Client\ChatApp.Client.csproj", "{4E16DC90-BC72-4675-A99C-6316C891D647}"
EndProject
Project("{FAE04EC0-301F-11D3-BF4B-00C04F79EFBC}") = "ChatApp.Shared", "ChatApp\Shared\ChatApp.Shared.csproj", "{312ABAFB-1F83-40AA-8CFC-E9E0FF219265}"
EndProject
Global
	GlobalSection(SolutionConfigurationPlatforms) = preSolution
		Debug|Any CPU = Debug|Any CPU
		Release|Any CPU = Release|Any CPU
	EndGlobalSection
	GlobalSection(ProjectConfigurationPlatforms) = postSolution
		{48C621F1-3D8C-4441-BE87-5C83889DC104}.Debug|Any CPU.ActiveCfg = Debug|Any CPU
		{48C621F1-3D8C-4441-BE87-5C83889DC104}.Debug|Any CPU.Build.0 = Debug|Any CPU
		{48C621F1-3D8C-4441-BE87-5C83889DC104}.Release|Any CPU.ActiveCfg = Release|Any CPU
		{48C621F1-3D8C-4441-BE87-5C83889DC104}.Release|Any CPU.Build.0 = Release|Any CPU
		{4E16DC90-BC72-4675-A99C-6316C891D647}.Debug|Any CPU.ActiveCfg = Debug|Any CPU
		{4E16DC90-BC72-4675-A99C-6316C891D647}.Debug|Any CPU.Build.0 = Debug|Any CPU
		{4E16DC90-BC72-4675-A99C-6316C891D647}.Release|Any CPU.ActiveCfg = Release|Any CPU
		{4E16DC90-BC72-4675-A99C-6316C891D647}.Release|Any CPU.Build.0 = Release|Any CPU
		{312ABAFB-1F83-40AA-8CFC-E9E0FF219265}.Debug|Any CPU.ActiveCfg = Debug|Any CPU
		{312ABAFB-1F83-40AA-8CFC-E9E0FF219265}.Debug|Any CPU.Build.0 = Debug|Any CPU
		{312ABAFB-1F83-40AA-8CFC-E9E0FF219265}.Release|Any CPU.ActiveCfg = Release|Any CPU
		{312ABAFB-1F83-40AA-8CFC-E9E0FF219265}.Release|Any CPU.Build.0 = Release|Any CPU
	EndGlobalSection
	GlobalSection(SolutionProperties) = preSolution
		HideSolutionNode = FALSE
	EndGlobalSection
	GlobalSection(ExtensibilityGlobals) = postSolution
		SolutionGuid = {B5B0D292-CA34-4ADD-B505-13503A02CAF7}
	EndGlobalSection
EndGlobal
